
Microsoft Visual Studio Solution File, Format Version 12.00
# Visual Studio Version 16
VisualStudioVersion = 16.0.33027.164
MinimumVisualStudioVersion = 10.0.40219.1
Project("{FAE04EC0-301F-11D3-BF4B-00C04F79EFBC}") = "intevalor", "intevalor\intevalor.csproj", "{13D9879C-1A1D-40A0-B299-D540545D9CA6}"
EndProject
Project("{FAE04EC0-301F-11D3-BF4B-00C04F79EFBC}") = "artilheiro", "artilheiro\artilheiro.csproj", "{0D95289E-4C6C-463A-9CF9-34758E00F69E}"
EndProject
Project("{FAE04EC0-301F-11D3-BF4B-00C04F79EFBC}") = "Fabricante e Veículo", "Fabricante e Veículo\Fabricante e Veículo.csproj", "{AEA11A16-48E8-4C1E-BC75-AC06F3DDCC55}"
EndProject
Global
	GlobalSection(SolutionConfigurationPlatforms) = preSolution
		Debug|Any CPU = Debug|Any CPU
		Release|Any CPU = Release|Any CPU
	EndGlobalSection
	GlobalSection(ProjectConfigurationPlatforms) = postSolution
		{13D9879C-1A1D-40A0-B299-D540545D9CA6}.Debug|Any CPU.ActiveCfg = Debug|Any CPU
		{13D9879C-1A1D-40A0-B299-D540545D9CA6}.Debug|Any CPU.Build.0 = Debug|Any CPU
		{13D9879C-1A1D-40A0-B299-D540545D9CA6}.Release|Any CPU.ActiveCfg = Release|Any CPU
		{13D9879C-1A1D-40A0-B299-D540545D9CA6}.Release|Any CPU.Build.0 = Release|Any CPU
		{0D95289E-4C6C-463A-9CF9-34758E00F69E}.Debug|Any CPU.ActiveCfg = Debug|Any CPU
		{0D95289E-4C6C-463A-9CF9-34758E00F69E}.Debug|Any CPU.Build.0 = Debug|Any CPU
		{0D95289E-4C6C-463A-9CF9-34758E00F69E}.Release|Any CPU.ActiveCfg = Release|Any CPU
		{0D95289E-4C6C-463A-9CF9-34758E00F69E}.Release|Any CPU.Build.0 = Release|Any CPU
		{AEA11A16-48E8-4C1E-BC75-AC06F3DDCC55}.Debug|Any CPU.ActiveCfg = Debug|Any CPU
		{AEA11A16-48E8-4C1E-BC75-AC06F3DDCC55}.Debug|Any CPU.Build.0 = Debug|Any CPU
		{AEA11A16-48E8-4C1E-BC75-AC06F3DDCC55}.Release|Any CPU.ActiveCfg = Release|Any CPU
		{AEA11A16-48E8-4C1E-BC75-AC06F3DDCC55}.Release|Any CPU.Build.0 = Release|Any CPU
	EndGlobalSection
	GlobalSection(SolutionProperties) = preSolution
		HideSolutionNode = FALSE
	EndGlobalSection
	GlobalSection(ExtensibilityGlobals) = postSolution
		SolutionGuid = {B3BF4EBF-098E-494C-9EDC-A7F68157A657}
	EndGlobalSection
EndGlobal
